
Microsoft Visual Studio Solution File, Format Version 12.00
# Visual Studio Version 16
VisualStudioVersion = 16.0.30517.126
MinimumVisualStudioVersion = 10.0.40219.1
Project("{FAE04EC0-301F-11D3-BF4B-00C04F79EFBC}") = "netbehave-wwwv2", "netbehave-wwwv2\netbehave-wwwv2.csproj", "{666E8E4A-0405-4E87-ADE0-803B25A29F47}"
EndProject
Global
	GlobalSection(SolutionConfigurationPlatforms) = preSolution
		Debug|Any CPU = Debug|Any CPU
		Release|Any CPU = Release|Any CPU
	EndGlobalSection
	GlobalSection(ProjectConfigurationPlatforms) = postSolution
		{666E8E4A-0405-4E87-ADE0-803B25A29F47}.Debug|Any CPU.ActiveCfg = Debug|Any CPU
		{666E8E4A-0405-4E87-ADE0-803B25A29F47}.Debug|Any CPU.Build.0 = Debug|Any CPU
		{666E8E4A-0405-4E87-ADE0-803B25A29F47}.Release|Any CPU.ActiveCfg = Release|Any CPU
		{666E8E4A-0405-4E87-ADE0-803B25A29F47}.Release|Any CPU.Build.0 = Release|Any CPU
	EndGlobalSection
	GlobalSection(SolutionProperties) = preSolution
		HideSolutionNode = FALSE
	EndGlobalSection
	GlobalSection(ExtensibilityGlobals) = postSolution
		SolutionGuid = {44FE711F-C52A-459C-88F0-4DE9B7A9770E}
	EndGlobalSection
EndGlobal
